
Microsoft Visual Studio Solution File, Format Version 12.00
# Visual Studio 15
VisualStudioVersion = 15.0.27130.2027
MinimumVisualStudioVersion = 10.0.40219.1
Project("{9A19103F-16F7-4668-BE54-9A1E7A4F7556}") = "OpenEvents.Admin", "OpenEvents.Admin\OpenEvents.Admin.csproj", "{B439FD61-3101-4391-9C31-0B72979F86E3}"
EndProject
Project("{9A19103F-16F7-4668-BE54-9A1E7A4F7556}") = "OpenEvents.Backend.Orders", "OpenEvents.Backend.Orders\OpenEvents.Backend.Orders.csproj", "{1F3D1315-CA00-402A-81B7-BFD5A2676725}"
EndProject
Project("{2150E333-8FDC-42A3-9474-1A3956D46DE8}") = "Backend", "Backend", "{E6A68EC5-01C0-4A3F-8C6E-249C3DD8707F}"
EndProject
Project("{2150E333-8FDC-42A3-9474-1A3956D46DE8}") = "Frontend", "Frontend", "{51564A82-0291-4D72-ADEC-C7D16443454A}"
EndProject
Project("{2150E333-8FDC-42A3-9474-1A3956D46DE8}") = "Client", "Client", "{266CAC16-A4E1-4A14-B6F5-688FADED3115}"
EndProject
Project("{9A19103F-16F7-4668-BE54-9A1E7A4F7556}") = "OpenEvents.Backend.Events", "OpenEvents.Backend.Events\OpenEvents.Backend.Events.csproj", "{D7607AD5-2B26-4396-85B1-EC287B73C269}"
EndProject
Project("{9A19103F-16F7-4668-BE54-9A1E7A4F7556}") = "OpenEvents.Backend.Common", "OpenEvents.Backend.Common\OpenEvents.Backend.Common.csproj", "{D1BA427F-8133-4AB2-8D10-049316B04BAE}"
EndProject
Project("{9A19103F-16F7-4668-BE54-9A1E7A4F7556}") = "OpenEvents.Client.Events", "OpenEvents.Client.Events\OpenEvents.Client.Events.csproj", "{7E85A181-6DEA-432D-8285-C5E856682C1F}"
EndProject
Project("{2150E333-8FDC-42A3-9474-1A3956D46DE8}") = "Tools", "Tools", "{AB62C9FC-DB4D-42E6-BBA2-51977A2E5ED9}"
EndProject
Project("{9A19103F-16F7-4668-BE54-9A1E7A4F7556}") = "OpenEvents.Tools.ClientGenerator", "OpenEvents.Tools.ClientGenerator\OpenEvents.Tools.ClientGenerator.csproj", "{C061956B-75DB-4B03-A4F2-F071371501FB}"
EndProject
Project("{9A19103F-16F7-4668-BE54-9A1E7A4F7556}") = "OpenEvents.Client.Orders", "OpenEvents.Client.Orders\OpenEvents.Client.Orders.csproj", "{EE25E713-7668-4613-BBAE-FFF9C4713178}"
EndProject
Project("{9A19103F-16F7-4668-BE54-9A1E7A4F7556}") = "OpenEvents.Client.Common", "OpenEvents.Client.Common\OpenEvents.Client.Common.csproj", "{307D672C-AF58-46C4-A15A-B703B157CDEC}"
EndProject
Project("{2150E333-8FDC-42A3-9474-1A3956D46DE8}") = "Tests", "Tests", "{ED87D787-DDCB-4A60-AFE9-AC5F8055EDB5}"
EndProject
Project("{9A19103F-16F7-4668-BE54-9A1E7A4F7556}") = "OpenEvents.Tests", "OpenEvents.Tests\OpenEvents.Tests.csproj", "{C59D0A91-B151-442E-B27B-99F13FF81155}"
EndProject
Project("{9A19103F-16F7-4668-BE54-9A1E7A4F7556}") = "OpenEvents.Public", "OpenEvents.Public\OpenEvents.Public.csproj", "{E08FB946-A96D-420A-A9E0-0A6A57A63690}"
EndProject
Project("{9A19103F-16F7-4668-BE54-9A1E7A4F7556}") = "OpenEvents.Frontend.Common", "OpenEvents.Frontend.Common\OpenEvents.Frontend.Common.csproj", "{C9A70D4B-5721-4A91-ABB4-DAA80E415F85}"
EndProject
Project("{9A19103F-16F7-4668-BE54-9A1E7A4F7556}") = "OpenEvents.Backend.Invoicing", "OpenEvents.Backend.Invoicing\OpenEvents.Backend.Invoicing.csproj", "{A9752360-AA5C-48A4-8550-0065CFC9526D}"
EndProject
Project("{9A19103F-16F7-4668-BE54-9A1E7A4F7556}") = "OpenEvents.Backend.Mailing", "OpenEvents.Backend.Mailing\OpenEvents.Backend.Mailing.csproj", "{5DCC58D9-8400-4293-8A35-F87E11CA9043}"
EndProject
Project("{FAE04EC0-301F-11D3-BF4B-00C04F79EFBC}") = "OpenEvents.Client.Mailing", "OpenEvents.Client.Mailing\OpenEvents.Client.Mailing.csproj", "{EE4F9EC8-04AD-49DE-84ED-C0174FB61F98}"
EndProject
Global
	GlobalSection(SolutionConfigurationPlatforms) = preSolution
		Debug|Any CPU = Debug|Any CPU
		Release|Any CPU = Release|Any CPU
	EndGlobalSection
	GlobalSection(ProjectConfigurationPlatforms) = postSolution
		{B439FD61-3101-4391-9C31-0B72979F86E3}.Debug|Any CPU.ActiveCfg = Debug|Any CPU
		{B439FD61-3101-4391-9C31-0B72979F86E3}.Debug|Any CPU.Build.0 = Debug|Any CPU
		{B439FD61-3101-4391-9C31-0B72979F86E3}.Release|Any CPU.ActiveCfg = Release|Any CPU
		{B439FD61-3101-4391-9C31-0B72979F86E3}.Release|Any CPU.Build.0 = Release|Any CPU
		{1F3D1315-CA00-402A-81B7-BFD5A2676725}.Debug|Any CPU.ActiveCfg = Debug|Any CPU
		{1F3D1315-CA00-402A-81B7-BFD5A2676725}.Debug|Any CPU.Build.0 = Debug|Any CPU
		{1F3D1315-CA00-402A-81B7-BFD5A2676725}.Release|Any CPU.ActiveCfg = Release|Any CPU
		{1F3D1315-CA00-402A-81B7-BFD5A2676725}.Release|Any CPU.Build.0 = Release|Any CPU
		{D7607AD5-2B26-4396-85B1-EC287B73C269}.Debug|Any CPU.ActiveCfg = Debug|Any CPU
		{D7607AD5-2B26-4396-85B1-EC287B73C269}.Debug|Any CPU.Build.0 = Debug|Any CPU
		{D7607AD5-2B26-4396-85B1-EC287B73C269}.Release|Any CPU.ActiveCfg = Release|Any CPU
		{D7607AD5-2B26-4396-85B1-EC287B73C269}.Release|Any CPU.Build.0 = Release|Any CPU
		{D1BA427F-8133-4AB2-8D10-049316B04BAE}.Debug|Any CPU.ActiveCfg = Debug|Any CPU
		{D1BA427F-8133-4AB2-8D10-049316B04BAE}.Debug|Any CPU.Build.0 = Debug|Any CPU
		{D1BA427F-8133-4AB2-8D10-049316B04BAE}.Release|Any CPU.ActiveCfg = Release|Any CPU
		{D1BA427F-8133-4AB2-8D10-049316B04BAE}.Release|Any CPU.Build.0 = Release|Any CPU
		{7E85A181-6DEA-432D-8285-C5E856682C1F}.Debug|Any CPU.ActiveCfg = Debug|Any CPU
		{7E85A181-6DEA-432D-8285-C5E856682C1F}.Debug|Any CPU.Build.0 = Debug|Any CPU
		{7E85A181-6DEA-432D-8285-C5E856682C1F}.Release|Any CPU.ActiveCfg = Release|Any CPU
		{7E85A181-6DEA-432D-8285-C5E856682C1F}.Release|Any CPU.Build.0 = Release|Any CPU
		{C061956B-75DB-4B03-A4F2-F071371501FB}.Debug|Any CPU.ActiveCfg = Debug|Any CPU
		{C061956B-75DB-4B03-A4F2-F071371501FB}.Debug|Any CPU.Build.0 = Debug|Any CPU
		{C061956B-75DB-4B03-A4F2-F071371501FB}.Release|Any CPU.ActiveCfg = Release|Any CPU
		{C061956B-75DB-4B03-A4F2-F071371501FB}.Release|Any CPU.Build.0 = Release|Any CPU
		{EE25E713-7668-4613-BBAE-FFF9C4713178}.Debug|Any CPU.ActiveCfg = Debug|Any CPU
		{EE25E713-7668-4613-BBAE-FFF9C4713178}.Debug|Any CPU.Build.0 = Debug|Any CPU
		{EE25E713-7668-4613-BBAE-FFF9C4713178}.Release|Any CPU.ActiveCfg = Release|Any CPU
		{EE25E713-7668-4613-BBAE-FFF9C4713178}.Release|Any CPU.Build.0 = Release|Any CPU
		{307D672C-AF58-46C4-A15A-B703B157CDEC}.Debug|Any CPU.ActiveCfg = Debug|Any CPU
		{307D672C-AF58-46C4-A15A-B703B157CDEC}.Debug|Any CPU.Build.0 = Debug|Any CPU
		{307D672C-AF58-46C4-A15A-B703B157CDEC}.Release|Any CPU.ActiveCfg = Release|Any CPU
		{307D672C-AF58-46C4-A15A-B703B157CDEC}.Release|Any CPU.Build.0 = Release|Any CPU
		{C59D0A91-B151-442E-B27B-99F13FF81155}.Debug|Any CPU.ActiveCfg = Debug|Any CPU
		{C59D0A91-B151-442E-B27B-99F13FF81155}.Debug|Any CPU.Build.0 = Debug|Any CPU
		{C59D0A91-B151-442E-B27B-99F13FF81155}.Release|Any CPU.ActiveCfg = Release|Any CPU
		{C59D0A91-B151-442E-B27B-99F13FF81155}.Release|Any CPU.Build.0 = Release|Any CPU
		{E08FB946-A96D-420A-A9E0-0A6A57A63690}.Debug|Any CPU.ActiveCfg = Debug|Any CPU
		{E08FB946-A96D-420A-A9E0-0A6A57A63690}.Debug|Any CPU.Build.0 = Debug|Any CPU
		{E08FB946-A96D-420A-A9E0-0A6A57A63690}.Release|Any CPU.ActiveCfg = Release|Any CPU
		{E08FB946-A96D-420A-A9E0-0A6A57A63690}.Release|Any CPU.Build.0 = Release|Any CPU
		{C9A70D4B-5721-4A91-ABB4-DAA80E415F85}.Debug|Any CPU.ActiveCfg = Debug|Any CPU
		{C9A70D4B-5721-4A91-ABB4-DAA80E415F85}.Debug|Any CPU.Build.0 = Debug|Any CPU
		{C9A70D4B-5721-4A91-ABB4-DAA80E415F85}.Release|Any CPU.ActiveCfg = Release|Any CPU
		{C9A70D4B-5721-4A91-ABB4-DAA80E415F85}.Release|Any CPU.Build.0 = Release|Any CPU
		{A9752360-AA5C-48A4-8550-0065CFC9526D}.Debug|Any CPU.ActiveCfg = Debug|Any CPU
		{A9752360-AA5C-48A4-8550-0065CFC9526D}.Debug|Any CPU.Build.0 = Debug|Any CPU
		{A9752360-AA5C-48A4-8550-0065CFC9526D}.Release|Any CPU.ActiveCfg = Release|Any CPU
		{A9752360-AA5C-48A4-8550-0065CFC9526D}.Release|Any CPU.Build.0 = Release|Any CPU
		{5DCC58D9-8400-4293-8A35-F87E11CA9043}.Debug|Any CPU.ActiveCfg = Debug|Any CPU
		{5DCC58D9-8400-4293-8A35-F87E11CA9043}.Debug|Any CPU.Build.0 = Debug|Any CPU
		{5DCC58D9-8400-4293-8A35-F87E11CA9043}.Release|Any CPU.ActiveCfg = Release|Any CPU
		{5DCC58D9-8400-4293-8A35-F87E11CA9043}.Release|Any CPU.Build.0 = Release|Any CPU
		{EE4F9EC8-04AD-49DE-84ED-C0174FB61F98}.Debug|Any CPU.ActiveCfg = Debug|Any CPU
		{EE4F9EC8-04AD-49DE-84ED-C0174FB61F98}.Debug|Any CPU.Build.0 = Debug|Any CPU
		{EE4F9EC8-04AD-49DE-84ED-C0174FB61F98}.Release|Any CPU.ActiveCfg = Release|Any CPU
		{EE4F9EC8-04AD-49DE-84ED-C0174FB61F98}.Release|Any CPU.Build.0 = Release|Any CPU
	EndGlobalSection
	GlobalSection(SolutionProperties) = preSolution
		HideSolutionNode = FALSE
	EndGlobalSection
	GlobalSection(NestedProjects) = preSolution
		{B439FD61-3101-4391-9C31-0B72979F86E3} = {51564A82-0291-4D72-ADEC-C7D16443454A}
		{1F3D1315-CA00-402A-81B7-BFD5A2676725} = {E6A68EC5-01C0-4A3F-8C6E-249C3DD8707F}
		{D7607AD5-2B26-4396-85B1-EC287B73C269} = {E6A68EC5-01C0-4A3F-8C6E-249C3DD8707F}
		{D1BA427F-8133-4AB2-8D10-049316B04BAE} = {E6A68EC5-01C0-4A3F-8C6E-249C3DD8707F}
		{7E85A181-6DEA-432D-8285-C5E856682C1F} = {266CAC16-A4E1-4A14-B6F5-688FADED3115}
		{C061956B-75DB-4B03-A4F2-F071371501FB} = {AB62C9FC-DB4D-42E6-BBA2-51977A2E5ED9}
		{EE25E713-7668-4613-BBAE-FFF9C4713178} = {266CAC16-A4E1-4A14-B6F5-688FADED3115}
		{307D672C-AF58-46C4-A15A-B703B157CDEC} = {266CAC16-A4E1-4A14-B6F5-688FADED3115}
		{C59D0A91-B151-442E-B27B-99F13FF81155} = {ED87D787-DDCB-4A60-AFE9-AC5F8055EDB5}
		{E08FB946-A96D-420A-A9E0-0A6A57A63690} = {51564A82-0291-4D72-ADEC-C7D16443454A}
		{C9A70D4B-5721-4A91-ABB4-DAA80E415F85} = {51564A82-0291-4D72-ADEC-C7D16443454A}
		{A9752360-AA5C-48A4-8550-0065CFC9526D} = {E6A68EC5-01C0-4A3F-8C6E-249C3DD8707F}
		{5DCC58D9-8400-4293-8A35-F87E11CA9043} = {E6A68EC5-01C0-4A3F-8C6E-249C3DD8707F}
		{EE4F9EC8-04AD-49DE-84ED-C0174FB61F98} = {266CAC16-A4E1-4A14-B6F5-688FADED3115}
	EndGlobalSection
	GlobalSection(ExtensibilityGlobals) = postSolution
		SolutionGuid = {4E49149B-96A6-4102-BFDA-EF2D33007E2C}
	EndGlobalSection
EndGlobal
